
Microsoft Visual Studio Solution File, Format Version 12.00
# Visual Studio Version 17
VisualStudioVersion = 17.3.32929.385
MinimumVisualStudioVersion = 10.0.40219.1
Project("{FAE04EC0-301F-11D3-BF4B-00C04F79EFBC}") = "Formula1Test", "Formula1Test\Formula1Test.csproj", "{82FE8B9C-ECE2-4B11-A50B-6637DE4D7EE3}"
EndProject
Global
	GlobalSection(SolutionConfigurationPlatforms) = preSolution
		Debug|Any CPU = Debug|Any CPU
		Release|Any CPU = Release|Any CPU
	EndGlobalSection
	GlobalSection(ProjectConfigurationPlatforms) = postSolution
		{82FE8B9C-ECE2-4B11-A50B-6637DE4D7EE3}.Debug|Any CPU.ActiveCfg = Debug|Any CPU
		{82FE8B9C-ECE2-4B11-A50B-6637DE4D7EE3}.Debug|Any CPU.Build.0 = Debug|Any CPU
		{82FE8B9C-ECE2-4B11-A50B-6637DE4D7EE3}.Release|Any CPU.ActiveCfg = Release|Any CPU
		{82FE8B9C-ECE2-4B11-A50B-6637DE4D7EE3}.Release|Any CPU.Build.0 = Release|Any CPU
	EndGlobalSection
	GlobalSection(SolutionProperties) = preSolution
		HideSolutionNode = FALSE
	EndGlobalSection
	GlobalSection(ExtensibilityGlobals) = postSolution
		SolutionGuid = {705D1F79-3A75-4482-B040-0127C87279F9}
	EndGlobalSection
EndGlobal
